
Microsoft Visual Studio Solution File, Format Version 12.00
# Visual Studio Version 17
VisualStudioVersion = 17.5.002.0
MinimumVisualStudioVersion = 10.0.40219.1
Project("{9A19103F-16F7-4668-BE54-9A1E7A4F7556}") = "Wayoprise", "Wayoprise.csproj", "{5ACC9B71-1E35-4048-AE14-91FE35C67812}"
EndProject
Global
	GlobalSection(SolutionConfigurationPlatforms) = preSolution
		Debug|Any CPU = Debug|Any CPU
		Release|Any CPU = Release|Any CPU
	EndGlobalSection
	GlobalSection(ProjectConfigurationPlatforms) = postSolution
		{5ACC9B71-1E35-4048-AE14-91FE35C67812}.Debug|Any CPU.ActiveCfg = Debug|Any CPU
		{5ACC9B71-1E35-4048-AE14-91FE35C67812}.Debug|Any CPU.Build.0 = Debug|Any CPU
		{5ACC9B71-1E35-4048-AE14-91FE35C67812}.Release|Any CPU.ActiveCfg = Release|Any CPU
		{5ACC9B71-1E35-4048-AE14-91FE35C67812}.Release|Any CPU.Build.0 = Release|Any CPU
	EndGlobalSection
	GlobalSection(SolutionProperties) = preSolution
		HideSolutionNode = FALSE
	EndGlobalSection
	GlobalSection(ExtensibilityGlobals) = postSolution
		SolutionGuid = {6A90B6E3-0D5A-4A41-94D3-3A0486CC6B6D}
	EndGlobalSection
EndGlobal
